Microsoft Visual Studio Solution File, Format Version 12.00
# Visual Studio Version 17
VisualStudioVersion = 17.5.2.0
MinimumVisualStudioVersion = 10.0.40219.1
Project("{FAE04EC0-301F-11D3-BF4B-00C04F79EFBC}") = "ControleDeContatos", "ControleDeContatos.csproj", "{AAC2062C-7213-F3A4-EF9F-56ED9A65308A}"
EndProject
Global
	GlobalSection(SolutionConfigurationPlatforms) = preSolution
		Debug|Any CPU = Debug|Any CPU
		Release|Any CPU = Release|Any CPU
	EndGlobalSection
	GlobalSection(ProjectConfigurationPlatforms) = postSolution
		{AAC2062C-7213-F3A4-EF9F-56ED9A65308A}.Debug|Any CPU.ActiveCfg = Debug|Any CPU
		{AAC2062C-7213-F3A4-EF9F-56ED9A65308A}.Debug|Any CPU.Build.0 = Debug|Any CPU
		{AAC2062C-7213-F3A4-EF9F-56ED9A65308A}.Release|Any CPU.ActiveCfg = Release|Any CPU
		{AAC2062C-7213-F3A4-EF9F-56ED9A65308A}.Release|Any CPU.Build.0 = Release|Any CPU
	EndGlobalSection
	GlobalSection(SolutionProperties) = preSolution
		HideSolutionNode = FALSE
	EndGlobalSection
	GlobalSection(ExtensibilityGlobals) = postSolution
		SolutionGuid = {CD108469-232A-4825-9F14-A0A66C090FB8}
	EndGlobalSection
EndGlobal
